
Microsoft Visual Studio Solution File, Format Version 12.00
# Visual Studio Version 17
VisualStudioVersion = 17.3.32825.248
MinimumVisualStudioVersion = 10.0.40219.1
Project("{888888A0-9F3D-457C-B088-3A5042F75D52}") = "Pskov_Interactive", "Pskov_Interactive.pyproj", "{2CD240A5-1AE4-40B2-9AAB-E112E2CE12FA}"
EndProject
Global
	GlobalSection(SolutionConfigurationPlatforms) = preSolution
		Debug|Any CPU = Debug|Any CPU
		Release|Any CPU = Release|Any CPU
	EndGlobalSection
	GlobalSection(ProjectConfigurationPlatforms) = postSolution
		{2CD240A5-1AE4-40B2-9AAB-E112E2CE12FA}.Debug|Any CPU.ActiveCfg = Debug|Any CPU
		{2CD240A5-1AE4-40B2-9AAB-E112E2CE12FA}.Debug|Any CPU.Build.0 = Debug|Any CPU
		{2CD240A5-1AE4-40B2-9AAB-E112E2CE12FA}.Release|Any CPU.ActiveCfg = Release|Any CPU
		{2CD240A5-1AE4-40B2-9AAB-E112E2CE12FA}.Release|Any CPU.Build.0 = Release|Any CPU
	EndGlobalSection
	GlobalSection(SolutionProperties) = preSolution
		HideSolutionNode = FALSE
	EndGlobalSection
	GlobalSection(ExtensibilityGlobals) = postSolution
		SolutionGuid = {8D8C9E07-8D67-47BF-9DE6-5C6449379331}
	EndGlobalSection
EndGlobal
